
Microsoft Visual Studio Solution File, Format Version 12.00
# Visual Studio Version 16
VisualStudioVersion = 16.0.31702.278
MinimumVisualStudioVersion = 10.0.40219.1
Project("{9A19103F-16F7-4668-BE54-9A1E7A4F7556}") = "MyHeshtable", "MyHashtable\MyHeshtable.csproj", "{4575E25F-BAC9-4944-A109-672DCDF0AEF3}"
EndProject
Global
	GlobalSection(SolutionConfigurationPlatforms) = preSolution
		Debug|Any CPU = Debug|Any CPU
		Release|Any CPU = Release|Any CPU
	EndGlobalSection
	GlobalSection(ProjectConfigurationPlatforms) = postSolution
		{4575E25F-BAC9-4944-A109-672DCDF0AEF3}.Debug|Any CPU.ActiveCfg = Debug|Any CPU
		{4575E25F-BAC9-4944-A109-672DCDF0AEF3}.Debug|Any CPU.Build.0 = Debug|Any CPU
		{4575E25F-BAC9-4944-A109-672DCDF0AEF3}.Release|Any CPU.ActiveCfg = Release|Any CPU
		{4575E25F-BAC9-4944-A109-672DCDF0AEF3}.Release|Any CPU.Build.0 = Release|Any CPU
	EndGlobalSection
	GlobalSection(SolutionProperties) = preSolution
		HideSolutionNode = FALSE
	EndGlobalSection
	GlobalSection(ExtensibilityGlobals) = postSolution
		SolutionGuid = {1A8BA7D4-6B17-4B16-BF8B-023A9C3D7259}
	EndGlobalSection
EndGlobal
